packages:
  - name: codegen
    package: dbt-labs/codegen
    version: 0.11.0
  - name: dbt_utils
    package: dbt-labs/dbt_utils
    version: 1.1.1
  - name: dbt_external_tables
    package: dbt-labs/dbt_external_tables
    version: 0.8.4
  - name: dbt_expectations
    package: calogica/dbt_expectations
    version: 0.8.5
  - name: dbt_meta_testing
    package: tnightengale/dbt_meta_testing
    version: 0.3.6
  - name: dbt_project_evaluator
    package: dbt-labs/dbt_project_evaluator
    version: 1.0.0
  - name: dbt_date
    package: calogica/dbt_date
    version: 0.7.2
sha1_hash: 69a64cbb177f84540885f5db1a20d78f4bc6da22
