packages:
  - name: codegen
    package: dbt-labs/codegen
    version: 0.11.0
  - name: dbt_utils
    package: dbt-labs/dbt_utils
    version: 1.3.0
  - name: dbt_external_tables
    package: dbt-labs/dbt_external_tables
    version: 0.8.4
  - name: dbt_expectations
    package: metaplane/dbt_expectations
    version: 0.10.9
  - name: dbt_meta_testing
    package: tnightengale/dbt_meta_testing
    version: 0.3.6
  - name: dbt_project_evaluator
    package: dbt-labs/dbt_project_evaluator
    version: 1.1.0
  - name: dbt_date
    package: godatadriven/dbt_date
    version: 0.16.1
sha1_hash: 4c367352d236fb83f77365fe79e17cd81b886da6
